
Microsoft Visual Studio Solution File, Format Version 12.00
# Visual Studio 15
VisualStudioVersion = 15.0.28307.489
MinimumVisualStudioVersion = 10.0.40219.1
Project("{FAE04EC0-301F-11D3-BF4B-00C04F79EFBC}") = "MindMeldApi", "MindMeldApi\MindMeldApi.csproj", "{57DFD5A9-52FE-4795-AE8D-88C8BA6E18FF}"
EndProject
Global
	GlobalSection(SolutionConfigurationPlatforms) = preSolution
		Debug|Any CPU = Debug|Any CPU
		Release|Any CPU = Release|Any CPU
	EndGlobalSection
	GlobalSection(ProjectConfigurationPlatforms) = postSolution
		{57DFD5A9-52FE-4795-AE8D-88C8BA6E18FF}.Debug|Any CPU.ActiveCfg = Debug|Any CPU
		{57DFD5A9-52FE-4795-AE8D-88C8BA6E18FF}.Debug|Any CPU.Build.0 = Debug|Any CPU
		{57DFD5A9-52FE-4795-AE8D-88C8BA6E18FF}.Release|Any CPU.ActiveCfg = Release|Any CPU
		{57DFD5A9-52FE-4795-AE8D-88C8BA6E18FF}.Release|Any CPU.Build.0 = Release|Any CPU
	EndGlobalSection
	GlobalSection(SolutionProperties) = preSolution
		HideSolutionNode = FALSE
	EndGlobalSection
	GlobalSection(ExtensibilityGlobals) = postSolution
		SolutionGuid = {5F891A28-3A3A-4F1E-BA71-FDAA93640847}
	EndGlobalSection
EndGlobal
